// !$*UTF8*$!
{
	archiveVersion = 1;
	classes = {
	};
	objectVersion = 51;
	objects = {

/* Begin PBXBuildFile section */
		940E7E892622A118008FB200 /* TitileMiddle_cell5_TableViewCell.swift in Sources */ = {isa = PBXBuildFile; fileRef = 940E7E882622A118008FB200 /* TitileMiddle_cell5_TableViewCell.swift */; };
		940E7E8C2622AA7D008FB200 /* RecomendFoodTableViewCell.swift in Sources */ = {isa = PBXBuildFile; fileRef = 940E7E8B2622AA7D008FB200 /* RecomendFoodTableViewCell.swift */; };
		940EE3522624292600C26AE1 /* BeveragesFunc.swift in Sources */ = {isa = PBXBuildFile; fileRef = 940EE3512624292600C26AE1 /* BeveragesFunc.swift */; };
		940EE35B2624614C00C26AE1 /* Toptitle_OfferTabbar)TableViewCell.swift in Sources */ = {isa = PBXBuildFile; fileRef = 940EE35A2624614C00C26AE1 /* Toptitle_OfferTabbar)TableViewCell.swift */; };
		940EE3612624690D00C26AE1 /* ButtonCheck_OfferTabbar_TableViewCell.swift in Sources */ = {isa = PBXBuildFile; fileRef = 940EE3602624690D00C26AE1 /* ButtonCheck_OfferTabbar_TableViewCell.swift */; };
		940EE364262474C700C26AE1 /* Table_Offer_TableViewCell.swift in Sources */ = {isa = PBXBuildFile; fileRef = 940EE363262474C700C26AE1 /* Table_Offer_TableViewCell.swift */; };
		940EE36826247FC400C26AE1 /* ProfileBar_ViewController.swift in Sources */ = {isa = PBXBuildFile; fileRef = 940EE36726247FC400C26AE1 /* ProfileBar_ViewController.swift */; };
		940EE3712624815300C26AE1 /* Toptitle_ProfileBar_TableViewCell.swift in Sources */ = {isa = PBXBuildFile; fileRef = 940EE3702624815300C26AE1 /* Toptitle_ProfileBar_TableViewCell.swift */; };
		940EE3762624845700C26AE1 /* InfoUser_ProfileBar_TableViewCell.swift in Sources */ = {isa = PBXBuildFile; fileRef = 940EE3752624845700C26AE1 /* InfoUser_ProfileBar_TableViewCell.swift */; };
		940EE37E26249DD200C26AE1 /* textField_ProfileBar_TableViewCell.swift in Sources */ = {isa = PBXBuildFile; fileRef = 940EE37D26249DD200C26AE1 /* textField_ProfileBar_TableViewCell.swift */; };
		9415A0152622E4A600A49FED /* Title_Footer_TableViewCell.swift in Sources */ = {isa = PBXBuildFile; fileRef = 9415A0142622E4A600A49FED /* Title_Footer_TableViewCell.swift */; };
		9415A0192622E81F00A49FED /* Footer_Tableview_TableViewCell.swift in Sources */ = {isa = PBXBuildFile; fileRef = 9415A0182622E81F00A49FED /* Footer_Tableview_TableViewCell.swift */; };
		9415A01F2622EF4600A49FED /* TopTitle_TableViewCell.swift in Sources */ = {isa = PBXBuildFile; fileRef = 9415A01E2622EF4600A49FED /* TopTitle_TableViewCell.swift */; };
		9415A0242622F36300A49FED /* SearchBarMenuTableViewCell.swift in Sources */ = {isa = PBXBuildFile; fileRef = 9415A0232622F36300A49FED /* SearchBarMenuTableViewCell.swift */; };
		9415A0292622F7C700A49FED /* BodyMenuBar_TableViewCell.swift in Sources */ = {isa = PBXBuildFile; fileRef = 9415A0282622F7C700A49FED /* BodyMenuBar_TableViewCell.swift */; };
		9415A0332623389400A49FED /* ViewReusble.swift in Sources */ = {isa = PBXBuildFile; fileRef = 9415A0322623389400A49FED /* ViewReusble.swift */; };
		9415A03F26233C2300A49FED /* Food_extension.swift in Sources */ = {isa = PBXBuildFile; fileRef = 9415A03E26233C2300A49FED /* Food_extension.swift */; };
		9426B39A261CB64D00BA6A00 /* Theme.swift in Sources */ = {isa = PBXBuildFile; fileRef = 9426B397261CB64D00BA6A00 /* Theme.swift */; };
		9426B39B261CB64D00BA6A00 /* Demension.swift in Sources */ = {isa = PBXBuildFile; fileRef = 9426B398261CB64D00BA6A00 /* Demension.swift */; };
		9426B39C261CB64D00BA6A00 /* Resource.swift in Sources */ = {isa = PBXBuildFile; fileRef = 9426B399261CB64D00BA6A00 /* Resource.swift */; };
		9426B3A1261CB66600BA6A00 /* LauchLoginScreen.swift in Sources */ = {isa = PBXBuildFile; fileRef = 9426B39F261CB66600BA6A00 /* LauchLoginScreen.swift */; };
		9426B3A2261CB66600BA6A00 /* WelcomeScreenViewController.swift in Sources */ = {isa = PBXBuildFile; fileRef = 9426B3A0261CB66600BA6A00 /* WelcomeScreenViewController.swift */; };
		9426B3A5261CB6A100BA6A00 /* BaseUIView.swift in Sources */ = {isa = PBXBuildFile; fileRef = 9426B3A4261CB6A100BA6A00 /* BaseUIView.swift */; };
		9426B3A8261CB6C600BA6A00 /* BaseViewcontroller1.swift in Sources */ = {isa = PBXBuildFile; fileRef = 9426B3A7261CB6C600BA6A00 /* BaseViewcontroller1.swift */; };
		9426B3C0261D3B6100BA6A00 /* Metropolis-Bold.otf in Resources */ = {isa = PBXBuildFile; fileRef = 9426B3AE261D3B6100BA6A00 /* Metropolis-Bold.otf */; };
		9426B3C1261D3B6100BA6A00 /* Metropolis-Thin.otf in Resources */ = {isa = PBXBuildFile; fileRef = 9426B3AF261D3B6100BA6A00 /* Metropolis-Thin.otf */; };
		9426B3C2261D3B6100BA6A00 /* Metropolis-RegularItalic.otf in Resources */ = {isa = PBXBuildFile; fileRef = 9426B3B0261D3B6100BA6A00 /* Metropolis-RegularItalic.otf */; };
		9426B3C3261D3B6100BA6A00 /* Metropolis-ExtraBold.otf in Resources */ = {isa = PBXBuildFile; fileRef = 9426B3B1261D3B6100BA6A00 /* Metropolis-ExtraBold.otf */; };
		9426B3C4261D3B6100BA6A00 /* Metropolis-SemiBoldItalic.otf in Resources */ = {isa = PBXBuildFile; fileRef = 9426B3B2261D3B6100BA6A00 /* Metropolis-SemiBoldItalic.otf */; };
		9426B3C5261D3B6100BA6A00 /* Metropolis-Light.otf in Resources */ = {isa = PBXBuildFile; fileRef = 9426B3B3261D3B6100BA6A00 /* Metropolis-Light.otf */; };
		9426B3C6261D3B6100BA6A00 /* Metropolis-Regular.otf in Resources */ = {isa = PBXBuildFile; fileRef = 9426B3B4261D3B6100BA6A00 /* Metropolis-Regular.otf */; };
		9426B3C7261D3B6100BA6A00 /* Metropolis-Black.otf in Resources */ = {isa = PBXBuildFile; fileRef = 9426B3B5261D3B6100BA6A00 /* Metropolis-Black.otf */; };
		9426B3C8261D3B6100BA6A00 /* Metropolis-ExtraLightItalic.otf in Resources */ = {isa = PBXBuildFile; fileRef = 9426B3B6261D3B6100BA6A00 /* Metropolis-ExtraLightItalic.otf */; };
		9426B3C9261D3B6100BA6A00 /* Metropolis-Medium.otf in Resources */ = {isa = PBXBuildFile; fileRef = 9426B3B7261D3B6100BA6A00 /* Metropolis-Medium.otf */; };
		9426B3CA261D3B6100BA6A00 /* Metropolis-BlackItalic.otf in Resources */ = {isa = PBXBuildFile; fileRef = 9426B3B8261D3B6100BA6A00 /* Metropolis-BlackItalic.otf */; };
		9426B3CB261D3B6100BA6A00 /* Metropolis-ThinItalic.otf in Resources */ = {isa = PBXBuildFile; fileRef = 9426B3B9261D3B6100BA6A00 /* Metropolis-ThinItalic.otf */; };
		9426B3CC261D3B6100BA6A00 /* Metropolis-ExtraLight.otf in Resources */ = {isa = PBXBuildFile; fileRef = 9426B3BA261D3B6100BA6A00 /* Metropolis-ExtraLight.otf */; };
		9426B3CD261D3B6100BA6A00 /* Metropolis-MediumItalic.otf in Resources */ = {isa = PBXBuildFile; fileRef = 9426B3BB261D3B6100BA6A00 /* Metropolis-MediumItalic.otf */; };
		9426B3CE261D3B6100BA6A00 /* Metropolis-LightItalic.otf in Resources */ = {isa = PBXBuildFile; fileRef = 9426B3BC261D3B6100BA6A00 /* Metropolis-LightItalic.otf */; };
		9426B3CF261D3B6100BA6A00 /* Metropolis-SemiBold.otf in Resources */ = {isa = PBXBuildFile; fileRef = 9426B3BD261D3B6100BA6A00 /* Metropolis-SemiBold.otf */; };
		9426B3D0261D3B6100BA6A00 /* Metropolis-BoldItalic.otf in Resources */ = {isa = PBXBuildFile; fileRef = 9426B3BE261D3B6100BA6A00 /* Metropolis-BoldItalic.otf */; };
		9426B3D1261D3B6100BA6A00 /* Metropolis-ExtraBoldItalic.otf in Resources */ = {isa = PBXBuildFile; fileRef = 9426B3BF261D3B6100BA6A00 /* Metropolis-ExtraBoldItalic.otf */; };
		9426B407261D442500BA6A00 /* ButtonPrimaryColor.swift in Sources */ = {isa = PBXBuildFile; fileRef = 9426B406261D442500BA6A00 /* ButtonPrimaryColor.swift */; };
		9426B40B261D524F00BA6A00 /* LoginScreen.swift in Sources */ = {isa = PBXBuildFile; fileRef = 9426B40A261D524F00BA6A00 /* LoginScreen.swift */; };
		9426B412261D531700BA6A00 /* lbl_Top_Title.swift in Sources */ = {isa = PBXBuildFile; fileRef = 9426B411261D531700BA6A00 /* lbl_Top_Title.swift */; };
		9426B417261D632000BA6A00 /* textField_InPut_Reusable.swift in Sources */ = {isa = PBXBuildFile; fileRef = 9426B416261D632000BA6A00 /* textField_InPut_Reusable.swift */; };
		9426B41A261D6CA600BA6A00 /* lbl_Top_Discription_Titile.swift in Sources */ = {isa = PBXBuildFile; fileRef = 9426B419261D6CA600BA6A00 /* lbl_Top_Discription_Titile.swift */; };
		9426B423261DB49400BA6A00 /* ButtonnLoginFB_GG_Reusable.swift in Sources */ = {isa = PBXBuildFile; fileRef = 9426B422261DB49400BA6A00 /* ButtonnLoginFB_GG_Reusable.swift */; };
		9426B427261DCC1600BA6A00 /* lbl_Footer_Login_Reusable.swift in Sources */ = {isa = PBXBuildFile; fileRef = 9426B426261DCC1600BA6A00 /* lbl_Footer_Login_Reusable.swift */; };
		9426B42B261DD70300BA6A00 /* SignUpScreen.swift in Sources */ = {isa = PBXBuildFile; fileRef = 9426B42A261DD70300BA6A00 /* SignUpScreen.swift */; };
		9426B42E261DE73F00BA6A00 /* ResetPassworldScreen.swift in Sources */ = {isa = PBXBuildFile; fileRef = 9426B42D261DE73F00BA6A00 /* ResetPassworldScreen.swift */; };
		948C2070262521E7004C8247 /* TextField_Profile_Reusa ble.swift in Sources */ = {isa = PBXBuildFile; fileRef = 948C206F262521E7004C8247 /* TextField_Profile_Reusa ble.swift */; };
		948C2073262532F7004C8247 /* ButtonSave_ProfileBar_TableViewCell.swift in Sources */ = {isa = PBXBuildFile; fileRef = 948C2072262532F7004C8247 /* ButtonSave_ProfileBar_TableViewCell.swift */; };
		948C207B26253EAE004C8247 /* Toptile_MoreBar_TableViewCell.swift in Sources */ = {isa = PBXBuildFile; fileRef = 948C207A26253EAE004C8247 /* Toptile_MoreBar_TableViewCell.swift */; };
		948C207E26254143004C8247 /* Payment_MoreBar_TableViewCell.swift in Sources */ = {isa = PBXBuildFile; fileRef = 948C207D26254143004C8247 /* Payment_MoreBar_TableViewCell.swift */; };
		948C208126254D3C004C8247 /* order_MoreBar_TableViewCell.swift in Sources */ = {isa = PBXBuildFile; fileRef = 948C208026254D3C004C8247 /* order_MoreBar_TableViewCell.swift */; };
		948C2084262552B5004C8247 /* notification_MoreBar_TableViewCell.swift in Sources */ = {isa = PBXBuildFile; fileRef = 948C2083262552B5004C8247 /* notification_MoreBar_TableViewCell.swift */; };
		948C208726255472004C8247 /* inbox_MoreBar_TableViewCell.swift in Sources */ = {isa = PBXBuildFile; fileRef = 948C208626255472004C8247 /* inbox_MoreBar_TableViewCell.swift */; };
		948C208A26255610004C8247 /* aboutUS_MoreBar_TableViewCell.swift in Sources */ = {isa = PBXBuildFile; fileRef = 948C208926255610004C8247 /* aboutUS_MoreBar_TableViewCell.swift */; };
		9496BFC7261F3E2B008A1CEF /* Config.swift in Sources */ = {isa = PBXBuildFile; fileRef = 9496BFC6261F3E2B008A1CEF /* Config.swift */; };
		94CC5748261FE2FB0005C27E /* HomeScreen.swift in Sources */ = {isa = PBXBuildFile; fileRef = 94CC5747261FE2FB0005C27E /* HomeScreen.swift */; };
		94CC576726203F950005C27E /* FuncCommon.swift in Sources */ = {isa = PBXBuildFile; fileRef = 94CC576626203F950005C27E /* FuncCommon.swift */; };
		94CC5770262081C40005C27E /* MenubarController.swift in Sources */ = {isa = PBXBuildFile; fileRef = 94CC576F262081C40005C27E /* MenubarController.swift */; };
		94CC5777262081DB0005C27E /* OffersBarController.swift in Sources */ = {isa = PBXBuildFile; fileRef = 94CC5776262081DB0005C27E /* OffersBarController.swift */; };
		94CC577D262082040005C27E /* MorebarController.swift in Sources */ = {isa = PBXBuildFile; fileRef = 94CC577C262082040005C27E /* MorebarController.swift */; };
		94CC5781262087A30005C27E /* NavigationBarController.swift in Sources */ = {isa = PBXBuildFile; fileRef = 94CC5780262087A30005C27E /* NavigationBarController.swift */; };
		94CC57922620B5060005C27E /* HomeScreenTableViewCell.swift in Sources */ = {isa = PBXBuildFile; fileRef = 94CC57912620B5060005C27E /* HomeScreenTableViewCell.swift */; };
		94CC579726215D0B0005C27E /* SecondTableViewCell.swift in Sources */ = {isa = PBXBuildFile; fileRef = 94CC579626215D0B0005C27E /* SecondTableViewCell.swift */; };
		94CC579A26216B330005C27E /* SearchBarTableViewCell.swift in Sources */ = {isa = PBXBuildFile; fileRef = 94CC579926216B330005C27E /* SearchBarTableViewCell.swift */; };
		94CC579D2621F09F0005C27E /* CollectionViewTableViewCell.swift in Sources */ = {isa = PBXBuildFile; fileRef = 94CC579C2621F09F0005C27E /* CollectionViewTableViewCell.swift */; };
		94CC57A22621F6A30005C27E /* MainTableViewCell.swift in Sources */ = {isa = PBXBuildFile; fileRef = 94CC57A12621F6A30005C27E /* MainTableViewCell.swift */; };
		94CC57A52621FAF80005C27E /* CollectionViewCell.swift in Sources */ = {isa = PBXBuildFile; fileRef = 94CC57A42621FAF80005C27E /* CollectionViewCell.swift */; };
		94E0AF3B261CB4F1003128E9 /* AppDelegate.swift in Sources */ = {isa = PBXBuildFile; fileRef = 94E0AF3A261CB4F1003128E9 /* AppDelegate.swift */; };
		94E0AF3D261CB4F1003128E9 /* SceneDelegate.swift in Sources */ = {isa = PBXBuildFile; fileRef = 94E0AF3C261CB4F1003128E9 /* SceneDelegate.swift */; };
		94E0AF3F261CB4F1003128E9 /* MainViewcontroller.swift in Sources */ = {isa = PBXBuildFile; fileRef = 94E0AF3E261CB4F1003128E9 /* MainViewcontroller.swift */; };
		94E0AF42261CB4F1003128E9 /* Main.storyboard in Resources */ = {isa = PBXBuildFile; fileRef = 94E0AF40261CB4F1003128E9 /* Main.storyboard */; };
		94E0AF44261CB4F2003128E9 /* Assets.xcassets in Resources */ = {isa = PBXBuildFile; fileRef = 94E0AF43261CB4F2003128E9 /* Assets.xcassets */; };
		94E0AF47261CB4F2003128E9 /* LaunchScreen.storyboard in Resources */ = {isa = PBXBuildFile; fileRef = 94E0AF45261CB4F2003128E9 /* LaunchScreen.storyboard */; };
		FF9338BE011C1F0A91D1C350 /* Pods_MonkeyFoodProject.framework in Frameworks */ = {isa = PBXBuildFile; fileRef = EA53300BDA3E6F9139DFEC76 /* Pods_MonkeyFoodProject.framework */; };
/* End PBXBuildFile section */

/* Begin PBXFileReference section */
		0FF8822D3EC6BA39D0463784 /* Pods-MonkeyFoodProject.release.xcconfig */ = {isa = PBXFileReference; includeInIndex = 1; lastKnownFileType = text.xcconfig; name = "Pods-MonkeyFoodProject.release.xcconfig"; path = "Target Support Files/Pods-MonkeyFoodProject/Pods-MonkeyFoodProject.release.xcconfig"; sourceTree = "<group>"; };
		940E7E882622A118008FB200 /* TitileMiddle_cell5_TableViewCell.swift */ = {isa = PBXFileReference; lastKnownFileType = sourcecode.swift; path = TitileMiddle_cell5_TableViewCell.swift; sourceTree = "<group>"; };
		940E7E8B2622AA7D008FB200 /* RecomendFoodTableViewCell.swift */ = {isa = PBXFileReference; lastKnownFileType = sourcecode.swift; path = RecomendFoodTableViewCell.swift; sourceTree = "<group>"; };
		940EE3512624292600C26AE1 /* BeveragesFunc.swift */ = {isa = PBXFileReference; lastKnownFileType = sourcecode.swift; path = BeveragesFunc.swift; sourceTree = "<group>"; };
		940EE35A2624614C00C26AE1 /* Toptitle_OfferTabbar)TableViewCell.swift */ = {isa = PBXFileReference; lastKnownFileType = sourcecode.swift; path = "Toptitle_OfferTabbar)TableViewCell.swift"; sourceTree = "<group>"; };
		940EE3602624690D00C26AE1 /* ButtonCheck_OfferTabbar_TableViewCell.swift */ = {isa = PBXFileReference; lastKnownFileType = sourcecode.swift; path = ButtonCheck_OfferTabbar_TableViewCell.swift; sourceTree = "<group>"; };
		940EE363262474C700C26AE1 /* Table_Offer_TableViewCell.swift */ = {isa = PBXFileReference; lastKnownFileType = sourcecode.swift; path = Table_Offer_TableViewCell.swift; sourceTree = "<group>"; };
		940EE36726247FC400C26AE1 /* ProfileBar_ViewController.swift */ = {isa = PBXFileReference; lastKnownFileType = sourcecode.swift; path = ProfileBar_ViewController.swift; sourceTree = "<group>"; };
		940EE3702624815300C26AE1 /* Toptitle_ProfileBar_TableViewCell.swift */ = {isa = PBXFileReference; lastKnownFileType = sourcecode.swift; path = Toptitle_ProfileBar_TableViewCell.swift; sourceTree = "<group>"; };
		940EE3752624845700C26AE1 /* InfoUser_ProfileBar_TableViewCell.swift */ = {isa = PBXFileReference; lastKnownFileType = sourcecode.swift; path = InfoUser_ProfileBar_TableViewCell.swift; sourceTree = "<group>"; };
		940EE37D26249DD200C26AE1 /* textField_ProfileBar_TableViewCell.swift */ = {isa = PBXFileReference; lastKnownFileType = sourcecode.swift; path = textField_ProfileBar_TableViewCell.swift; sourceTree = "<group>"; };
		9415A0142622E4A600A49FED /* Title_Footer_TableViewCell.swift */ = {isa = PBXFileReference; lastKnownFileType = sourcecode.swift; path = Title_Footer_TableViewCell.swift; sourceTree = "<group>"; };
		9415A0182622E81F00A49FED /* Footer_Tableview_TableViewCell.swift */ = {isa = PBXFileReference; lastKnownFileType = sourcecode.swift; path = Footer_Tableview_TableViewCell.swift; sourceTree = "<group>"; };
		9415A01E2622EF4600A49FED /* TopTitle_TableViewCell.swift */ = {isa = PBXFileReference; lastKnownFileType = sourcecode.swift; path = TopTitle_TableViewCell.swift; sourceTree = "<group>"; };
		9415A0232622F36300A49FED /* SearchBarMenuTableViewCell.swift */ = {isa = PBXFileReference; lastKnownFileType = sourcecode.swift; path = SearchBarMenuTableViewCell.swift; sourceTree = "<group>"; };
		9415A0282622F7C700A49FED /* BodyMenuBar_TableViewCell.swift */ = {isa = PBXFileReference; lastKnownFileType = sourcecode.swift; path = BodyMenuBar_TableViewCell.swift; sourceTree = "<group>"; };
		9415A0322623389400A49FED /* ViewReusble.swift */ = {isa = PBXFileReference; lastKnownFileType = sourcecode.swift; path = ViewReusble.swift; sourceTree = "<group>"; };
		9415A03E26233C2300A49FED /* Food_extension.swift */ = {isa = PBXFileReference; lastKnownFileType = sourcecode.swift; path = Food_extension.swift; sourceTree = "<group>"; };
		9426B397261CB64D00BA6A00 /* Theme.swift */ = {isa = PBXFileReference; fileEncoding = 4; lastKnownFileType = sourcecode.swift; path = Theme.swift; sourceTree = "<group>"; };
		9426B398261CB64D00BA6A00 /* Demension.swift */ = {isa = PBXFileReference; fileEncoding = 4; lastKnownFileType = sourcecode.swift; path = Demension.swift; sourceTree = "<group>"; };
		9426B399261CB64D00BA6A00 /* Resource.swift */ = {isa = PBXFileReference; fileEncoding = 4; lastKnownFileType = sourcecode.swift; path = Resource.swift; sourceTree = "<group>"; };
		9426B39F261CB66600BA6A00 /* LauchLoginScreen.swift */ = {isa = PBXFileReference; fileEncoding = 4; lastKnownFileType = sourcecode.swift; path = LauchLoginScreen.swift; sourceTree = "<group>"; };
		9426B3A0261CB66600BA6A00 /* WelcomeScreenViewController.swift */ = {isa = PBXFileReference; fileEncoding = 4; lastKnownFileType = sourcecode.swift; path = WelcomeScreenViewController.swift; sourceTree = "<group>"; };
		9426B3A4261CB6A100BA6A00 /* BaseUIView.swift */ = {isa = PBXFileReference; fileEncoding = 4; lastKnownFileType = sourcecode.swift; path = BaseUIView.swift; sourceTree = "<group>"; };
		9426B3A7261CB6C600BA6A00 /* BaseViewcontroller1.swift */ = {isa = PBXFileReference; fileEncoding = 4; lastKnownFileType = sourcecode.swift; path = BaseViewcontroller1.swift; sourceTree = "<group>"; };
		9426B3AE261D3B6100BA6A00 /* Metropolis-Bold.otf */ = {isa = PBXFileReference; lastKnownFileType = file; path = "Metropolis-Bold.otf"; sourceTree = "<group>"; };
		9426B3AF261D3B6100BA6A00 /* Metropolis-Thin.otf */ = {isa = PBXFileReference; lastKnownFileType = file; path = "Metropolis-Thin.otf"; sourceTree = "<group>"; };
		9426B3B0261D3B6100BA6A00 /* Metropolis-RegularItalic.otf */ = {isa = PBXFileReference; lastKnownFileType = file; path = "Metropolis-RegularItalic.otf"; sourceTree = "<group>"; };
		9426B3B1261D3B6100BA6A00 /* Metropolis-ExtraBold.otf */ = {isa = PBXFileReference; lastKnownFileType = file; path = "Metropolis-ExtraBold.otf"; sourceTree = "<group>"; };
		9426B3B2261D3B6100BA6A00 /* Metropolis-SemiBoldItalic.otf */ = {isa = PBXFileReference; lastKnownFileType = file; path = "Metropolis-SemiBoldItalic.otf"; sourceTree = "<group>"; };
		9426B3B3261D3B6100BA6A00 /* Metropolis-Light.otf */ = {isa = PBXFileReference; lastKnownFileType = file; path = "Metropolis-Light.otf"; sourceTree = "<group>"; };
		9426B3B4261D3B6100BA6A00 /* Metropolis-Regular.otf */ = {isa = PBXFileReference; lastKnownFileType = file; path = "Metropolis-Regular.otf"; sourceTree = "<group>"; };
		9426B3B5261D3B6100BA6A00 /* Metropolis-Black.otf */ = {isa = PBXFileReference; lastKnownFileType = file; path = "Metropolis-Black.otf"; sourceTree = "<group>"; };
		9426B3B6261D3B6100BA6A00 /* Metropolis-ExtraLightItalic.otf */ = {isa = PBXFileReference; lastKnownFileType = file; path = "Metropolis-ExtraLightItalic.otf"; sourceTree = "<group>"; };
		9426B3B7261D3B6100BA6A00 /* Metropolis-Medium.otf */ = {isa = PBXFileReference; lastKnownFileType = file; path = "Metropolis-Medium.otf"; sourceTree = "<group>"; };
		9426B3B8261D3B6100BA6A00 /* Metropolis-BlackItalic.otf */ = {isa = PBXFileReference; lastKnownFileType = file; path = "Metropolis-BlackItalic.otf"; sourceTree = "<group>"; };
		9426B3B9261D3B6100BA6A00 /* Metropolis-ThinItalic.otf */ = {isa = PBXFileReference; lastKnownFileType = file; path = "Metropolis-ThinItalic.otf"; sourceTree = "<group>"; };
		9426B3BA261D3B6100BA6A00 /* Metropolis-ExtraLight.otf */ = {isa = PBXFileReference; lastKnownFileType = file; path = "Metropolis-ExtraLight.otf"; sourceTree = "<group>"; };
		9426B3BB261D3B6100BA6A00 /* Metropolis-MediumItalic.otf */ = {isa = PBXFileReference; lastKnownFileType = file; path = "Metropolis-MediumItalic.otf"; sourceTree = "<group>"; };
		9426B3BC261D3B6100BA6A00 /* Metropolis-LightItalic.otf */ = {isa = PBXFileReference; lastKnownFileType = file; path = "Metropolis-LightItalic.otf"; sourceTree = "<group>"; };
		9426B3BD261D3B6100BA6A00 /* Metropolis-SemiBold.otf */ = {isa = PBXFileReference; lastKnownFileType = file; path = "Metropolis-SemiBold.otf"; sourceTree = "<group>"; };
		9426B3BE261D3B6100BA6A00 /* Metropolis-BoldItalic.otf */ = {isa = PBXFileReference; lastKnownFileType = file; path = "Metropolis-BoldItalic.otf"; sourceTree = "<group>"; };
		9426B3BF261D3B6100BA6A00 /* Metropolis-ExtraBoldItalic.otf */ = {isa = PBXFileReference; lastKnownFileType = file; path = "Metropolis-ExtraBoldItalic.otf"; sourceTree = "<group>"; };
		9426B406261D442500BA6A00 /* ButtonPrimaryColor.swift */ = {isa = PBXFileReference; lastKnownFileType = sourcecode.swift; path = ButtonPrimaryColor.swift; sourceTree = "<group>"; };
		9426B40A261D524F00BA6A00 /* LoginScreen.swift */ = {isa = PBXFileReference; lastKnownFileType = sourcecode.swift; path = LoginScreen.swift; sourceTree = "<group>"; };
		9426B411261D531700BA6A00 /* lbl_Top_Title.swift */ = {isa = PBXFileReference; lastKnownFileType = sourcecode.swift; path = lbl_Top_Title.swift; sourceTree = "<group>"; };
		9426B416261D632000BA6A00 /* textField_InPut_Reusable.swift */ = {isa = PBXFileReference; lastKnownFileType = sourcecode.swift; path = textField_InPut_Reusable.swift; sourceTree = "<group>"; };
		9426B419261D6CA600BA6A00 /* lbl_Top_Discription_Titile.swift */ = {isa = PBXFileReference; lastKnownFileType = sourcecode.swift; path = lbl_Top_Discription_Titile.swift; sourceTree = "<group>"; };
		9426B422261DB49400BA6A00 /* ButtonnLoginFB_GG_Reusable.swift */ = {isa = PBXFileReference; lastKnownFileType = sourcecode.swift; path = ButtonnLoginFB_GG_Reusable.swift; sourceTree = "<group>"; };
		9426B426261DCC1600BA6A00 /* lbl_Footer_Login_Reusable.swift */ = {isa = PBXFileReference; lastKnownFileType = sourcecode.swift; path = lbl_Footer_Login_Reusable.swift; sourceTree = "<group>"; };
		9426B42A261DD70300BA6A00 /* SignUpScreen.swift */ = {isa = PBXFileReference; lastKnownFileType = sourcecode.swift; path = SignUpScreen.swift; sourceTree = "<group>"; };
		9426B42D261DE73F00BA6A00 /* ResetPassworldScreen.swift */ = {isa = PBXFileReference; lastKnownFileType = sourcecode.swift; path = ResetPassworldScreen.swift; sourceTree = "<group>"; };
		948C206F262521E7004C8247 /* TextField_Profile_Reusa ble.swift */ = {isa = PBXFileReference; lastKnownFileType = sourcecode.swift; path = "TextField_Profile_Reusa ble.swift"; sourceTree = "<group>"; };
		948C2072262532F7004C8247 /* ButtonSave_ProfileBar_TableViewCell.swift */ = {isa = PBXFileReference; lastKnownFileType = sourcecode.swift; path = ButtonSave_ProfileBar_TableViewCell.swift; sourceTree = "<group>"; };
		948C207A26253EAE004C8247 /* Toptile_MoreBar_TableViewCell.swift */ = {isa = PBXFileReference; lastKnownFileType = sourcecode.swift; path = Toptile_MoreBar_TableViewCell.swift; sourceTree = "<group>"; };
		948C207D26254143004C8247 /* Payment_MoreBar_TableViewCell.swift */ = {isa = PBXFileReference; lastKnownFileType = sourcecode.swift; path = Payment_MoreBar_TableViewCell.swift; sourceTree = "<group>"; };
		948C208026254D3C004C8247 /* order_MoreBar_TableViewCell.swift */ = {isa = PBXFileReference; lastKnownFileType = sourcecode.swift; path = order_MoreBar_TableViewCell.swift; sourceTree = "<group>"; };
		948C2083262552B5004C8247 /* notification_MoreBar_TableViewCell.swift */ = {isa = PBXFileReference; lastKnownFileType = sourcecode.swift; path = notification_MoreBar_TableViewCell.swift; sourceTree = "<group>"; };
		948C208626255472004C8247 /* inbox_MoreBar_TableViewCell.swift */ = {isa = PBXFileReference; lastKnownFileType = sourcecode.swift; path = inbox_MoreBar_TableViewCell.swift; sourceTree = "<group>"; };
		948C208926255610004C8247 /* aboutUS_MoreBar_TableViewCell.swift */ = {isa = PBXFileReference; lastKnownFileType = sourcecode.swift; path = aboutUS_MoreBar_TableViewCell.swift; sourceTree = "<group>"; };
		9496BFC6261F3E2B008A1CEF /* Config.swift */ = {isa = PBXFileReference; lastKnownFileType = sourcecode.swift; path = Config.swift; sourceTree = "<group>"; };
		94CC5747261FE2FB0005C27E /* HomeScreen.swift */ = {isa = PBXFileReference; lastKnownFileType = sourcecode.swift; path = HomeScreen.swift; sourceTree = "<group>"; };
		94CC576626203F950005C27E /* FuncCommon.swift */ = {isa = PBXFileReference; lastKnownFileType = sourcecode.swift; path = FuncCommon.swift; sourceTree = "<group>"; };
		94CC576F262081C40005C27E /* MenubarController.swift */ = {isa = PBXFileReference; lastKnownFileType = sourcecode.swift; path = MenubarController.swift; sourceTree = "<group>"; };
		94CC5776262081DB0005C27E /* OffersBarController.swift */ = {isa = PBXFileReference; lastKnownFileType = sourcecode.swift; path = OffersBarController.swift; sourceTree = "<group>"; };
		94CC577C262082040005C27E /* MorebarController.swift */ = {isa = PBXFileReference; lastKnownFileType = sourcecode.swift; path = MorebarController.swift; sourceTree = "<group>"; };
		94CC5780262087A30005C27E /* NavigationBarController.swift */ = {isa = PBXFileReference; lastKnownFileType = sourcecode.swift; path = NavigationBarController.swift; sourceTree = "<group>"; };
		94CC57912620B5060005C27E /* HomeScreenTableViewCell.swift */ = {isa = PBXFileReference; lastKnownFileType = sourcecode.swift; path = HomeScreenTableViewCell.swift; sourceTree = "<group>"; };
		94CC579626215D0B0005C27E /* SecondTableViewCell.swift */ = {isa = PBXFileReference; lastKnownFileType = sourcecode.swift; path = SecondTableViewCell.swift; sourceTree = "<group>"; };
		94CC579926216B330005C27E /* SearchBarTableViewCell.swift */ = {isa = PBXFileReference; lastKnownFileType = sourcecode.swift; path = SearchBarTableViewCell.swift; sourceTree = "<group>"; };
		94CC579C2621F09F0005C27E /* CollectionViewTableViewCell.swift */ = {isa = PBXFileReference; lastKnownFileType = sourcecode.swift; path = CollectionViewTableViewCell.swift; sourceTree = "<group>"; };
		94CC57A12621F6A30005C27E /* MainTableViewCell.swift */ = {isa = PBXFileReference; lastKnownFileType = sourcecode.swift; path = MainTableViewCell.swift; sourceTree = "<group>"; };
		94CC57A42621FAF80005C27E /* CollectionViewCell.swift */ = {isa = PBXFileReference; lastKnownFileType = sourcecode.swift; path = CollectionViewCell.swift; sourceTree = "<group>"; };
		94E0AF37261CB4F1003128E9 /* MonkeyFoodProject.app */ = {isa = PBXFileReference; explicitFileType = wrapper.application; includeInIndex = 0; path = MonkeyFoodProject.app; sourceTree = BUILT_PRODUCTS_DIR; };
		94E0AF3A261CB4F1003128E9 /* AppDelegate.swift */ = {isa = PBXFileReference; lastKnownFileType = sourcecode.swift; path = AppDelegate.swift; sourceTree = "<group>"; };
		94E0AF3C261CB4F1003128E9 /* SceneDelegate.swift */ = {isa = PBXFileReference; lastKnownFileType = sourcecode.swift; path = SceneDelegate.swift; sourceTree = "<group>"; };
		94E0AF3E261CB4F1003128E9 /* MainViewcontroller.swift */ = {isa = PBXFileReference; lastKnownFileType = sourcecode.swift; path = MainViewcontroller.swift; sourceTree = "<group>"; };
		94E0AF41261CB4F1003128E9 /* Base */ = {isa = PBXFileReference; lastKnownFileType = file.storyboard; name = Base; path = Base.lproj/Main.storyboard; sourceTree = "<group>"; };
		94E0AF43261CB4F2003128E9 /* Assets.xcassets */ = {isa = PBXFileReference; lastKnownFileType = folder.assetcatalog; path = Assets.xcassets; sourceTree = "<group>"; };
		94E0AF46261CB4F2003128E9 /* Base */ = {isa = PBXFileReference; lastKnownFileType = file.storyboard; name = Base; path = Base.lproj/LaunchScreen.storyboard; sourceTree = "<group>"; };
		94E0AF48261CB4F2003128E9 /* Info.plist */ = {isa = PBXFileReference; lastKnownFileType = text.plist.xml; path = Info.plist; sourceTree = "<group>"; };
		BD07F25351D187EF58377E99 /* Pods-MonkeyFoodProject.debug.xcconfig */ = {isa = PBXFileReference; includeInIndex = 1; lastKnownFileType = text.xcconfig; name = "Pods-MonkeyFoodProject.debug.xcconfig"; path = "Target Support Files/Pods-MonkeyFoodProject/Pods-MonkeyFoodProject.debug.xcconfig"; sourceTree = "<group>"; };
		EA53300BDA3E6F9139DFEC76 /* Pods_MonkeyFoodProject.framework */ = {isa = PBXFileReference; explicitFileType = wrapper.framework; includeInIndex = 0; path = Pods_MonkeyFoodProject.framework; sourceTree = BUILT_PRODUCTS_DIR; };
/* End PBXFileReference section */

/* Begin PBXFrameworksBuildPhase section */
		94E0AF34261CB4F1003128E9 /* Frameworks */ = {
			isa = PBXFrameworksBuildPhase;
			buildActionMask = 2147483647;
			files = (
				FF9338BE011C1F0A91D1C350 /* Pods_MonkeyFoodProject.framework in Frameworks */,
			);
			runOnlyForDeploymentPostprocessing = 0;
		};
/* End PBXFrameworksBuildPhase section */

/* Begin PBXGroup section */
		940EE34726240D6B00C26AE1 /* Body_MenuBar */ = {
			isa = PBXGroup;
			children = (
				9415A0282622F7C700A49FED /* BodyMenuBar_TableViewCell.swift */,
				9415A03926233BD700A49FED /* Food */,
				9415A03D26233C0700A49FED /* Promotions */,
				9415A03B26233BE900A49FED /* Beverages */,
				9415A03C26233BFA00A49FED /* Desserts */,
			);
			path = Body_MenuBar;
			sourceTree = "<group>";
		};
		940EE3592624611500C26AE1 /* TopTitl_OfferTabbar */ = {
			isa = PBXGroup;
			children = (
				940EE35A2624614C00C26AE1 /* Toptitle_OfferTabbar)TableViewCell.swift */,
				940EE3602624690D00C26AE1 /* ButtonCheck_OfferTabbar_TableViewCell.swift */,
				940EE363262474C700C26AE1 /* Table_Offer_TableViewCell.swift */,
			);
			path = TopTitl_OfferTabbar;
			sourceTree = "<group>";
		};
		940EE36F2624811900C26AE1 /* Properties */ = {
			isa = PBXGroup;
			children = (
				940EE3702624815300C26AE1 /* Toptitle_ProfileBar_TableViewCell.swift */,
				940EE3752624845700C26AE1 /* InfoUser_ProfileBar_TableViewCell.swift */,
				940EE37D26249DD200C26AE1 /* textField_ProfileBar_TableViewCell.swift */,
				948C2072262532F7004C8247 /* ButtonSave_ProfileBar_TableViewCell.swift */,
			);
			path = Properties;
			sourceTree = "<group>";
		};
		9415A01C2622EF0600A49FED /* Properties */ = {
			isa = PBXGroup;
			children = (
				94CC576F262081C40005C27E /* MenubarController.swift */,
				9415A01E2622EF4600A49FED /* TopTitle_TableViewCell.swift */,
				9415A0232622F36300A49FED /* SearchBarMenuTableViewCell.swift */,
				940EE34726240D6B00C26AE1 /* Body_MenuBar */,
			);
			path = Properties;
			sourceTree = "<group>";
		};
		9415A01D2622EF0E00A49FED /* Properties */ = {
			isa = PBXGroup;
			children = (
				94CC57912620B5060005C27E /* HomeScreenTableViewCell.swift */,
				94CC579626215D0B0005C27E /* SecondTableViewCell.swift */,
				94CC579926216B330005C27E /* SearchBarTableViewCell.swift */,
				94CC579C2621F09F0005C27E /* CollectionViewTableViewCell.swift */,
				940E7E882622A118008FB200 /* TitileMiddle_cell5_TableViewCell.swift */,
				940E7E8B2622AA7D008FB200 /* RecomendFoodTableViewCell.swift */,
				9415A0142622E4A600A49FED /* Title_Footer_TableViewCell.swift */,
				9415A0182622E81F00A49FED /* Footer_Tableview_TableViewCell.swift */,
			);
			path = Properties;
			sourceTree = "<group>";
		};
		9415A02C2623383600A49FED /* UiViewReusable */ = {
			isa = PBXGroup;
			children = (
				9415A0322623389400A49FED /* ViewReusble.swift */,
			);
			path = UiViewReusable;
			sourceTree = "<group>";
		};
		9415A03926233BD700A49FED /* Food */ = {
			isa = PBXGroup;
			children = (
				9415A03E26233C2300A49FED /* Food_extension.swift */,
			);
			path = Food;
			sourceTree = "<group>";
		};
		9415A03B26233BE900A49FED /* Beverages */ = {
			isa = PBXGroup;
			children = (
				940EE3512624292600C26AE1 /* BeveragesFunc.swift */,
			);
			path = Beverages;
			sourceTree = "<group>";
		};
		9415A03C26233BFA00A49FED /* Desserts */ = {
			isa = PBXGroup;
			children = (
			);
			path = Desserts;
			sourceTree = "<group>";
		};
		9415A03D26233C0700A49FED /* Promotions */ = {
			isa = PBXGroup;
			children = (
			);
			path = Promotions;
			sourceTree = "<group>";
		};
		9426B390261CB5B300BA6A00 /* Models */ = {
			isa = PBXGroup;
			children = (
				94CC5746261FE2E90005C27E /* TabBar_Home */,
				9426B409261D523600BA6A00 /* LoginAndSignUpScreen */,
				9426B39E261CB66600BA6A00 /* LauchLoginScreen */,
			);
			path = Models;
			sourceTree = "<group>";
		};
		9426B391261CB5B800BA6A00 /* Views */ = {
			isa = PBXGroup;
			children = (
			);
			path = Views;
			sourceTree = "<group>";
		};
		9426B392261CB5BE00BA6A00 /* Controller */ = {
			isa = PBXGroup;
			children = (
			);
			path = Controller;
			sourceTree = "<group>";
		};
		9426B393261CB5C400BA6A00 /* Common */ = {
			isa = PBXGroup;
			children = (
				94CC577F262087510005C27E /* UiTabarcontroller */,
				9426B3AC261D3B5400BA6A00 /* Fonts */,
				9426B395261CB5D200BA6A00 /* Style */,
				9426B394261CB5CD00BA6A00 /* Base */,
				9496BFC6261F3E2B008A1CEF /* Config.swift */,
				94CC576626203F950005C27E /* FuncCommon.swift */,
			);
			name = Common;
			sourceTree = "<group>";
		};
		9426B394261CB5CD00BA6A00 /* Base */ = {
			isa = PBXGroup;
			children = (
				9415A02C2623383600A49FED /* UiViewReusable */,
				9426B3A7261CB6C600BA6A00 /* BaseViewcontroller1.swift */,
				9426B3A4261CB6A100BA6A00 /* BaseUIView.swift */,
				9426B415261D62E100BA6A00 /* TextFieldReusable */,
				9426B40F261D52DA00BA6A00 /* LabelReusable */,
				9426B40E261D52C000BA6A00 /* Button_Reusable */,
			);
			name = Base;
			sourceTree = "<group>";
		};
		9426B395261CB5D200BA6A00 /* Style */ = {
			isa = PBXGroup;
			children = (
				9426B398261CB64D00BA6A00 /* Demension.swift */,
				9426B399261CB64D00BA6A00 /* Resource.swift */,
				9426B397261CB64D00BA6A00 /* Theme.swift */,
			);
			name = Style;
			sourceTree = "<group>";
		};
		9426B39E261CB66600BA6A00 /* LauchLoginScreen */ = {
			isa = PBXGroup;
			children = (
				9426B430261DEF0500BA6A00 /* LauchNextScreen */,
				9426B39F261CB66600BA6A00 /* LauchLoginScreen.swift */,
				9426B3A0261CB66600BA6A00 /* WelcomeScreenViewController.swift */,
			);
			path = LauchLoginScreen;
			sourceTree = "<group>";
		};
		9426B3AC261D3B5400BA6A00 /* Fonts */ = {
			isa = PBXGroup;
			children = (
				9426B3AD261D3B6100BA6A00 /* Metropolis.ttf */,
			);
			path = Fonts;
			sourceTree = "<group>";
		};
		9426B3AD261D3B6100BA6A00 /* Metropolis.ttf */ = {
			isa = PBXGroup;
			children = (
				9426B3AE261D3B6100BA6A00 /* Metropolis-Bold.otf */,
				9426B3AF261D3B6100BA6A00 /* Metropolis-Thin.otf */,
				9426B3B0261D3B6100BA6A00 /* Metropolis-RegularItalic.otf */,
				9426B3B1261D3B6100BA6A00 /* Metropolis-ExtraBold.otf */,
				9426B3B2261D3B6100BA6A00 /* Metropolis-SemiBoldItalic.otf */,
				9426B3B3261D3B6100BA6A00 /* Metropolis-Light.otf */,
				9426B3B4261D3B6100BA6A00 /* Metropolis-Regular.otf */,
				9426B3B5261D3B6100BA6A00 /* Metropolis-Black.otf */,
				9426B3B6261D3B6100BA6A00 /* Metropolis-ExtraLightItalic.otf */,
				9426B3B7261D3B6100BA6A00 /* Metropolis-Medium.otf */,
				9426B3B8261D3B6100BA6A00 /* Metropolis-BlackItalic.otf */,
				9426B3B9261D3B6100BA6A00 /* Metropolis-ThinItalic.otf */,
				9426B3BA261D3B6100BA6A00 /* Metropolis-ExtraLight.otf */,
				9426B3BB261D3B6100BA6A00 /* Metropolis-MediumItalic.otf */,
				9426B3BC261D3B6100BA6A00 /* Metropolis-LightItalic.otf */,
				9426B3BD261D3B6100BA6A00 /* Metropolis-SemiBold.otf */,
				9426B3BE261D3B6100BA6A00 /* Metropolis-BoldItalic.otf */,
				9426B3BF261D3B6100BA6A00 /* Metropolis-ExtraBoldItalic.otf */,
			);
			path = Metropolis.ttf;
			sourceTree = "<group>";
		};
		9426B409261D523600BA6A00 /* LoginAndSignUpScreen */ = {
			isa = PBXGroup;
			children = (
				9426B40A261D524F00BA6A00 /* LoginScreen.swift */,
				9426B42A261DD70300BA6A00 /* SignUpScreen.swift */,
				9426B42D261DE73F00BA6A00 /* ResetPassworldScreen.swift */,
			);
			path = LoginAndSignUpScreen;
			sourceTree = "<group>";
		};
		9426B40E261D52C000BA6A00 /* Button_Reusable */ = {
			isa = PBXGroup;
			children = (
				9426B406261D442500BA6A00 /* ButtonPrimaryColor.swift */,
				9426B422261DB49400BA6A00 /* ButtonnLoginFB_GG_Reusable.swift */,
			);
			name = Button_Reusable;
			sourceTree = "<group>";
		};
		9426B40F261D52DA00BA6A00 /* LabelReusable */ = {
			isa = PBXGroup;
			children = (
				9426B411261D531700BA6A00 /* lbl_Top_Title.swift */,
				9426B419261D6CA600BA6A00 /* lbl_Top_Discription_Titile.swift */,
				9426B426261DCC1600BA6A00 /* lbl_Footer_Login_Reusable.swift */,
			);
			name = LabelReusable;
			sourceTree = "<group>";
		};
		9426B415261D62E100BA6A00 /* TextFieldReusable */ = {
			isa = PBXGroup;
			children = (
				9426B416261D632000BA6A00 /* textField_InPut_Reusable.swift */,
				948C206F262521E7004C8247 /* TextField_Profile_Reusa ble.swift */,
			);
			name = TextFieldReusable;
			sourceTree = "<group>";
		};
		9426B430261DEF0500BA6A00 /* LauchNextScreen */ = {
			isa = PBXGroup;
			children = (
			);
			path = LauchNextScreen;
			sourceTree = "<group>";
		};
		948C207826253E23004C8247 /* Properties_More */ = {
			isa = PBXGroup;
			children = (
				948C207A26253EAE004C8247 /* Toptile_MoreBar_TableViewCell.swift */,
				948C207D26254143004C8247 /* Payment_MoreBar_TableViewCell.swift */,
				948C208026254D3C004C8247 /* order_MoreBar_TableViewCell.swift */,
				948C2083262552B5004C8247 /* notification_MoreBar_TableViewCell.swift */,
				948C208626255472004C8247 /* inbox_MoreBar_TableViewCell.swift */,
				948C208926255610004C8247 /* aboutUS_MoreBar_TableViewCell.swift */,
			);
			path = Properties_More;
			sourceTree = "<group>";
		};
		94CC5746261FE2E90005C27E /* TabBar_Home */ = {
			isa = PBXGroup;
			children = (
				94CC576E262081AB0005C27E /* MoreBar */,
				94CC576D262081A20005C27E /* ProfileBar */,
				94CC576C262081950005C27E /* OffersBar */,
				94CC576A2620817D0005C27E /* MenuBar */,
				94CC57692620816E0005C27E /* HomeBar */,
			);
			path = TabBar_Home;
			sourceTree = "<group>";
		};
		94CC57692620816E0005C27E /* HomeBar */ = {
			isa = PBXGroup;
			children = (
				94CC5747261FE2FB0005C27E /* HomeScreen.swift */,
				9415A01D2622EF0E00A49FED /* Properties */,
			);
			path = HomeBar;
			sourceTree = "<group>";
		};
		94CC576A2620817D0005C27E /* MenuBar */ = {
			isa = PBXGroup;
			children = (
				9415A01C2622EF0600A49FED /* Properties */,
			);
			path = MenuBar;
			sourceTree = "<group>";
		};
		94CC576C262081950005C27E /* OffersBar */ = {
			isa = PBXGroup;
			children = (
				94CC5776262081DB0005C27E /* OffersBarController.swift */,
				940EE3592624611500C26AE1 /* TopTitl_OfferTabbar */,
			);
			path = OffersBar;
			sourceTree = "<group>";
		};
		94CC576D262081A20005C27E /* ProfileBar */ = {
			isa = PBXGroup;
			children = (
				940EE36726247FC400C26AE1 /* ProfileBar_ViewController.swift */,
				940EE36F2624811900C26AE1 /* Properties */,
			);
			path = ProfileBar;
			sourceTree = "<group>";
		};
		94CC576E262081AB0005C27E /* MoreBar */ = {
			isa = PBXGroup;
			children = (
				94CC577C262082040005C27E /* MorebarController.swift */,
				948C207826253E23004C8247 /* Properties_More */,
			);
			path = MoreBar;
			sourceTree = "<group>";
		};
		94CC577F262087510005C27E /* UiTabarcontroller */ = {
			isa = PBXGroup;
			children = (
				94CC5780262087A30005C27E /* NavigationBarController.swift */,
			);
			name = UiTabarcontroller;
			sourceTree = "<group>";
		};
		94E0AF2E261CB4F1003128E9 = {
			isa = PBXGroup;
			children = (
				94E0AF39261CB4F1003128E9 /* MonkeyFoodProject */,
				94E0AF38261CB4F1003128E9 /* Products */,
				B70115A48B99D41F2152B3AB /* Pods */,
				BEB151041F29AE0A69A2D196 /* Frameworks */,
			);
			sourceTree = "<group>";
		};
		94E0AF38261CB4F1003128E9 /* Products */ = {
			isa = PBXGroup;
			children = (
				94E0AF37261CB4F1003128E9 /* MonkeyFoodProject.app */,
			);
			name = Products;
			sourceTree = "<group>";
		};
		94E0AF39261CB4F1003128E9 /* MonkeyFoodProject */ = {
			isa = PBXGroup;
			children = (
				9426B393261CB5C400BA6A00 /* Common */,
				9426B392261CB5BE00BA6A00 /* Controller */,
				9426B391261CB5B800BA6A00 /* Views */,
				9426B390261CB5B300BA6A00 /* Models */,
				94E0AF3A261CB4F1003128E9 /* AppDelegate.swift */,
				94E0AF3C261CB4F1003128E9 /* SceneDelegate.swift */,
				94E0AF3E261CB4F1003128E9 /* MainViewcontroller.swift */,
				94CC57A12621F6A30005C27E /* MainTableViewCell.swift */,
				94CC57A42621FAF80005C27E /* CollectionViewCell.swift */,
				94E0AF40261CB4F1003128E9 /* Main.storyboard */,
				94E0AF43261CB4F2003128E9 /* Assets.xcassets */,
				94E0AF45261CB4F2003128E9 /* LaunchScreen.storyboard */,
				94E0AF48261CB4F2003128E9 /* Info.plist */,
			);
			path = MonkeyFoodProject;
			sourceTree = "<group>";
		};
		B70115A48B99D41F2152B3AB /* Pods */ = {
			isa = PBXGroup;
			children = (
				BD07F25351D187EF58377E99 /* Pods-MonkeyFoodProject.debug.xcconfig */,
				0FF8822D3EC6BA39D0463784 /* Pods-MonkeyFoodProject.release.xcconfig */,
			);
			path = Pods;
			sourceTree = "<group>";
		};
		BEB151041F29AE0A69A2D196 /* Frameworks */ = {
			isa = PBXGroup;
			children = (
				EA53300BDA3E6F9139DFEC76 /* Pods_MonkeyFoodProject.framework */,
			);
			name = Frameworks;
			sourceTree = "<group>";
		};
/* End PBXGroup section */

/* Begin PBXNativeTarget section */
		94E0AF36261CB4F1003128E9 /* MonkeyFoodProject */ = {
			isa = PBXNativeTarget;
			buildConfigurationList = 94E0AF4B261CB4F2003128E9 /* Build configuration list for PBXNativeTarget "MonkeyFoodProject" */;
			buildPhases = (
				7F75A5D6196817C46A3F677D /* [CP] Check Pods Manifest.lock */,
				94E0AF33261CB4F1003128E9 /* Sources */,
				94E0AF34261CB4F1003128E9 /* Frameworks */,
				94E0AF35261CB4F1003128E9 /* Resources */,
				04FE87D133CFB89CA56AA194 /* [CP] Embed Pods Frameworks */,
			);
			buildRules = (
			);
			dependencies = (
			);
			name = MonkeyFoodProject;
			productName = MonkeyFoodProject;
			productReference = 94E0AF37261CB4F1003128E9 /* MonkeyFoodProject.app */;
			productType = "com.apple.product-type.application";
		};
/* End PBXNativeTarget section */

/* Begin PBXProject section */
		94E0AF2F261CB4F1003128E9 /* Project object */ = {
			isa = PBXProject;
			attributes = {
				LastSwiftUpdateCheck = 1240;
				LastUpgradeCheck = 1240;
				TargetAttributes = {
					94E0AF36261CB4F1003128E9 = {
						CreatedOnToolsVersion = 12.4;
					};
				};
			};
			buildConfigurationList = 94E0AF32261CB4F1003128E9 /* Build configuration list for PBXProject "MonkeyFoodProject" */;
			compatibilityVersion = "Xcode 9.3";
			developmentRegion = en;
			hasScannedForEncodings = 0;
			knownRegions = (
				en,
				Base,
			);
			mainGroup = 94E0AF2E261CB4F1003128E9;
			productRefGroup = 94E0AF38261CB4F1003128E9 /* Products */;
			projectDirPath = "";
			projectRoot = "";
			targets = (
				94E0AF36261CB4F1003128E9 /* MonkeyFoodProject */,
			);
		};
/* End PBXProject section */

/* Begin PBXResourcesBuildPhase section */
		94E0AF35261CB4F1003128E9 /* Resources */ = {
			isa = PBXResourcesBuildPhase;
			buildActionMask = 2147483647;
			files = (
				9426B3CB261D3B6100BA6A00 /* Metropolis-ThinItalic.otf in Resources */,
				9426B3C9261D3B6100BA6A00 /* Metropolis-Medium.otf in Resources */,
				9426B3C7261D3B6100BA6A00 /* Metropolis-Black.otf in Resources */,
				9426B3C6261D3B6100BA6A00 /* Metropolis-Regular.otf in Resources */,
				9426B3CA261D3B6100BA6A00 /* Metropolis-BlackItalic.otf in Resources */,
				9426B3C5261D3B6100BA6A00 /* Metropolis-Light.otf in Resources */,
				9426B3C1261D3B6100BA6A00 /* Metropolis-Thin.otf in Resources */,
				9426B3CD261D3B6100BA6A00 /* Metropolis-MediumItalic.otf in Resources */,
				9426B3CC261D3B6100BA6A00 /* Metropolis-ExtraLight.otf in Resources */,
				9426B3C3261D3B6100BA6A00 /* Metropolis-ExtraBold.otf in Resources */,
				9426B3D0261D3B6100BA6A00 /* Metropolis-BoldItalic.otf in Resources */,
				94E0AF47261CB4F2003128E9 /* LaunchScreen.storyboard in Resources */,
				9426B3C2261D3B6100BA6A00 /* Metropolis-RegularItalic.otf in Resources */,
				9426B3D1261D3B6100BA6A00 /* Metropolis-ExtraBoldItalic.otf in Resources */,
				9426B3C4261D3B6100BA6A00 /* Metropolis-SemiBoldItalic.otf in Resources */,
				9426B3CF261D3B6100BA6A00 /* Metropolis-SemiBold.otf in Resources */,
				94E0AF44261CB4F2003128E9 /* Assets.xcassets in Resources */,
				9426B3C0261D3B6100BA6A00 /* Metropolis-Bold.otf in Resources */,
				94E0AF42261CB4F1003128E9 /* Main.storyboard in Resources */,
				9426B3CE261D3B6100BA6A00 /* Metropolis-LightItalic.otf in Resources */,
				9426B3C8261D3B6100BA6A00 /* Metropolis-ExtraLightItalic.otf in Resources */,
			);
			runOnlyForDeploymentPostprocessing = 0;
		};
/* End PBXResourcesBuildPhase section */

/* Begin PBXShellScriptBuildPhase section */
		04FE87D133CFB89CA56AA194 /* [CP] Embed Pods Frameworks */ = {
			isa = PBXShellScriptBuildPhase;
			buildActionMask = 2147483647;
			files = (
			);
			inputFileListPaths = (
				"${PODS_ROOT}/Target Support Files/Pods-MonkeyFoodProject/Pods-MonkeyFoodProject-frameworks-${CONFIGURATION}-input-files.xcfilelist",
			);
			name = "[CP] Embed Pods Frameworks";
			outputFileListPaths = (
				"${PODS_ROOT}/Target Support Files/Pods-MonkeyFoodProject/Pods-MonkeyFoodProject-frameworks-${CONFIGURATION}-output-files.xcfilelist",
			);
			runOnlyForDeploymentPostprocessing = 0;
			shellPath = /bin/sh;
			shellScript = "\"${PODS_ROOT}/Target Support Files/Pods-MonkeyFoodProject/Pods-MonkeyFoodProject-frameworks.sh\"\n";
			showEnvVarsInLog = 0;
		};
		7F75A5D6196817C46A3F677D /* [CP] Check Pods Manifest.lock */ = {
			isa = PBXShellScriptBuildPhase;
			buildActionMask = 2147483647;
			files = (
			);
			inputFileListPaths = (
			);
			inputPaths = (
				"${PODS_PODFILE_DIR_PATH}/Podfile.lock",
				"${PODS_ROOT}/Manifest.lock",
			);
			name = "[CP] Check Pods Manifest.lock";
			outputFileListPaths = (
			);
			outputPaths = (
				"$(DERIVED_FILE_DIR)/Pods-MonkeyFoodProject-checkManifestLockResult.txt",
			);
			runOnlyForDeploymentPostprocessing = 0;
			shellPath = /bin/sh;
			shellScript = "diff \"${PODS_PODFILE_DIR_PATH}/Podfile.lock\" \"${PODS_ROOT}/Manifest.lock\" > /dev/null\nif [ $? != 0 ] ; then\n    # print error to STDERR\n    echo \"error: The sandbox is not in sync with the Podfile.lock. Run 'pod install' or update your CocoaPods installation.\" >&2\n    exit 1\nfi\n# This output is used by Xcode 'outputs' to avoid re-running this script phase.\necho \"SUCCESS\" > \"${SCRIPT_OUTPUT_FILE_0}\"\n";
			showEnvVarsInLog = 0;
		};
/* End PBXShellScriptBuildPhase section */

/* Begin PBXSourcesBuildPhase section */
		94E0AF33261CB4F1003128E9 /* Sources */ = {
			isa = PBXSourcesBuildPhase;
			buildActionMask = 2147483647;
			files = (
				940EE3612624690D00C26AE1 /* ButtonCheck_OfferTabbar_TableViewCell.swift in Sources */,
				9426B427261DCC1600BA6A00 /* lbl_Footer_Login_Reusable.swift in Sources */,
				94CC57922620B5060005C27E /* HomeScreenTableViewCell.swift in Sources */,
				948C2070262521E7004C8247 /* TextField_Profile_Reusa ble.swift in Sources */,
				9415A0242622F36300A49FED /* SearchBarMenuTableViewCell.swift in Sources */,
				940EE3762624845700C26AE1 /* InfoUser_ProfileBar_TableViewCell.swift in Sources */,
				94E0AF3F261CB4F1003128E9 /* MainViewcontroller.swift in Sources */,
				9415A0292622F7C700A49FED /* BodyMenuBar_TableViewCell.swift in Sources */,
				94CC5748261FE2FB0005C27E /* HomeScreen.swift in Sources */,
				940EE3712624815300C26AE1 /* Toptitle_ProfileBar_TableViewCell.swift in Sources */,
				9426B39A261CB64D00BA6A00 /* Theme.swift in Sources */,
				9415A0192622E81F00A49FED /* Footer_Tableview_TableViewCell.swift in Sources */,
				940E7E892622A118008FB200 /* TitileMiddle_cell5_TableViewCell.swift in Sources */,
				94CC577D262082040005C27E /* MorebarController.swift in Sources */,
				94CC5770262081C40005C27E /* MenubarController.swift in Sources */,
				94E0AF3B261CB4F1003128E9 /* AppDelegate.swift in Sources */,
				948C208A26255610004C8247 /* aboutUS_MoreBar_TableViewCell.swift in Sources */,
				94CC579726215D0B0005C27E /* SecondTableViewCell.swift in Sources */,
				948C2073262532F7004C8247 /* ButtonSave_ProfileBar_TableViewCell.swift in Sources */,
				94CC579A26216B330005C27E /* SearchBarTableViewCell.swift in Sources */,
				94CC5777262081DB0005C27E /* OffersBarController.swift in Sources */,
				9426B3A1261CB66600BA6A00 /* LauchLoginScreen.swift in Sources */,
				9426B39C261CB64D00BA6A00 /* Resource.swift in Sources */,
				94CC579D2621F09F0005C27E /* CollectionViewTableViewCell.swift in Sources */,
				9415A0332623389400A49FED /* ViewReusble.swift in Sources */,
				94CC5781262087A30005C27E /* NavigationBarController.swift in Sources */,
				9426B423261DB49400BA6A00 /* ButtonnLoginFB_GG_Reusable.swift in Sources */,
				94CC576726203F950005C27E /* FuncCommon.swift in Sources */,
				9415A0152622E4A600A49FED /* Title_Footer_TableViewCell.swift in Sources */,
				940E7E8C2622AA7D008FB200 /* RecomendFoodTableViewCell.swift in Sources */,
				9426B40B261D524F00BA6A00 /* LoginScreen.swift in Sources */,
				9426B3A2261CB66600BA6A00 /* WelcomeScreenViewController.swift in Sources */,
				9426B412261D531700BA6A00 /* lbl_Top_Title.swift in Sources */,
				9426B3A5261CB6A100BA6A00 /* BaseUIView.swift in Sources */,
				9426B42B261DD70300BA6A00 /* SignUpScreen.swift in Sources */,
				940EE35B2624614C00C26AE1 /* Toptitle_OfferTabbar)TableViewCell.swift in Sources */,
				940EE37E26249DD200C26AE1 /* textField_ProfileBar_TableViewCell.swift in Sources */,
				948C207B26253EAE004C8247 /* Toptile_MoreBar_TableViewCell.swift in Sources */,
				9426B42E261DE73F00BA6A00 /* ResetPassworldScreen.swift in Sources */,
				94E0AF3D261CB4F1003128E9 /* SceneDelegate.swift in Sources */,
				9415A01F2622EF4600A49FED /* TopTitle_TableViewCell.swift in Sources */,
				940EE36826247FC400C26AE1 /* ProfileBar_ViewController.swift in Sources */,
				9426B39B261CB64D00BA6A00 /* Demension.swift in Sources */,
				948C207E26254143004C8247 /* Payment_MoreBar_TableViewCell.swift in Sources */,
				9426B3A8261CB6C600BA6A00 /* BaseViewcontroller1.swift in Sources */,
				94CC57A22621F6A30005C27E /* MainTableViewCell.swift in Sources */,
				9426B407261D442500BA6A00 /* ButtonPrimaryColor.swift in Sources */,
				9496BFC7261F3E2B008A1CEF /* Config.swift in Sources */,
				948C208726255472004C8247 /* inbox_MoreBar_TableViewCell.swift in Sources */,
				9415A03F26233C2300A49FED /* Food_extension.swift in Sources */,
				9426B417261D632000BA6A00 /* textField_InPut_Reusable.swift in Sources */,
				948C208126254D3C004C8247 /* order_MoreBar_TableViewCell.swift in Sources */,
				9426B41A261D6CA600BA6A00 /* lbl_Top_Discription_Titile.swift in Sources */,
				940EE364262474C700C26AE1 /* Table_Offer_TableViewCell.swift in Sources */,
				948C2084262552B5004C8247 /* notification_MoreBar_TableViewCell.swift in Sources */,
				940EE3522624292600C26AE1 /* BeveragesFunc.swift in Sources */,
				94CC57A52621FAF80005C27E /* CollectionViewCell.swift in Sources */,
			);
			runOnlyForDeploymentPostprocessing = 0;
		};
/* End PBXSourcesBuildPhase section */

/* Begin PBXVariantGroup section */
		94E0AF40261CB4F1003128E9 /* Main.storyboard */ = {
			isa = PBXVariantGroup;
			children = (
				94E0AF41261CB4F1003128E9 /* Base */,
			);
			name = Main.storyboard;
			sourceTree = "<group>";
		};
		94E0AF45261CB4F2003128E9 /* LaunchScreen.storyboard */ = {
			isa = PBXVariantGroup;
			children = (
				94E0AF46261CB4F2003128E9 /* Base */,
			);
			name = LaunchScreen.storyboard;
			sourceTree = "<group>";
		};
/* End PBXVariantGroup section */

/* Begin XCBuildConfiguration section */
		94E0AF49261CB4F2003128E9 /* Debug */ = {
			isa = XCBuildConfiguration;
			buildSettings = {
				ALWAYS_SEARCH_USER_PATHS = NO;
				CLANG_ANALYZER_NONNULL = YES;
				CLANG_ANALYZER_NUMBER_OBJECT_CONVERSION = YES_AGGRESSIVE;
				CLANG_CXX_LANGUAGE_STANDARD = "gnu++14";
				CLANG_CXX_LIBRARY = "libc++";
				CLANG_ENABLE_MODULES = YES;
				CLANG_ENABLE_OBJC_ARC = YES;
				CLANG_ENABLE_OBJC_WEAK = YES;
				CLANG_WARN_BLOCK_CAPTURE_AUTORELEASING = YES;
				CLANG_WARN_BOOL_CONVERSION = YES;
				CLANG_WARN_COMMA = YES;
				CLANG_WARN_CONSTANT_CONVERSION = YES;
				CLANG_WARN_DEPRECATED_OBJC_IMPLEMENTATIONS = YES;
				CLANG_WARN_DIRECT_OBJC_ISA_USAGE = YES_ERROR;
				CLANG_WARN_DOCUMENTATION_COMMENTS = YES;
				CLANG_WARN_EMPTY_BODY = YES;
				CLANG_WARN_ENUM_CONVERSION = YES;
				CLANG_WARN_INFINITE_RECURSION = YES;
				CLANG_WARN_INT_CONVERSION = YES;
				CLANG_WARN_NON_LITERAL_NULL_CONVERSION = YES;
				CLANG_WARN_OBJC_IMPLICIT_RETAIN_SELF = YES;
				CLANG_WARN_OBJC_LITERAL_CONVERSION = YES;
				CLANG_WARN_OBJC_ROOT_CLASS = YES_ERROR;
				CLANG_WARN_QUOTED_INCLUDE_IN_FRAMEWORK_HEADER = YES;
				CLANG_WARN_RANGE_LOOP_ANALYSIS = YES;
				CLANG_WARN_STRICT_PROTOTYPES = YES;
				CLANG_WARN_SUSPICIOUS_MOVE = YES;
				CLANG_WARN_UNGUARDED_AVAILABILITY = YES_AGGRESSIVE;
				CLANG_WARN_UNREACHABLE_CODE = YES;
				CLANG_WARN__DUPLICATE_METHOD_MATCH = YES;
				COPY_PHASE_STRIP = NO;
				DEBUG_INFORMATION_FORMAT = dwarf;
				ENABLE_STRICT_OBJC_MSGSEND = YES;
				ENABLE_TESTABILITY = YES;
				GCC_C_LANGUAGE_STANDARD = gnu11;
				GCC_DYNAMIC_NO_PIC = NO;
				GCC_NO_COMMON_BLOCKS = YES;
				GCC_OPTIMIZATION_LEVEL = 0;
				GCC_PREPROCESSOR_DEFINITIONS = (
					"DEBUG=1",
					"$(inherited)",
				);
				GCC_WARN_64_TO_32_BIT_CONVERSION = YES;
				GCC_WARN_ABOUT_RETURN_TYPE = YES_ERROR;
				GCC_WARN_UNDECLARED_SELECTOR = YES;
				GCC_WARN_UNINITIALIZED_AUTOS = YES_AGGRESSIVE;
				GCC_WARN_UNUSED_FUNCTION = YES;
				GCC_WARN_UNUSED_VARIABLE = YES;
				IPHONEOS_DEPLOYMENT_TARGET = 14.4;
				MTL_ENABLE_DEBUG_INFO = INCLUDE_SOURCE;
				MTL_FAST_MATH = YES;
				ONLY_ACTIVE_ARCH = YES;
				SDKROOT = iphoneos;
				SWIFT_ACTIVE_COMPILATION_CONDITIONS = DEBUG;
				SWIFT_OPTIMIZATION_LEVEL = "-Onone";
			};
			name = Debug;
		};
		94E0AF4A261CB4F2003128E9 /* Release */ = {
			isa = XCBuildConfiguration;
			buildSettings = {
				ALWAYS_SEARCH_USER_PATHS = NO;
				CLANG_ANALYZER_NONNULL = YES;
				CLANG_ANALYZER_NUMBER_OBJECT_CONVERSION = YES_AGGRESSIVE;
				CLANG_CXX_LANGUAGE_STANDARD = "gnu++14";
				CLANG_CXX_LIBRARY = "libc++";
				CLANG_ENABLE_MODULES = YES;
				CLANG_ENABLE_OBJC_ARC = YES;
				CLANG_ENABLE_OBJC_WEAK = YES;
				CLANG_WARN_BLOCK_CAPTURE_AUTORELEASING = YES;
				CLANG_WARN_BOOL_CONVERSION = YES;
				CLANG_WARN_COMMA = YES;
				CLANG_WARN_CONSTANT_CONVERSION = YES;
				CLANG_WARN_DEPRECATED_OBJC_IMPLEMENTATIONS = YES;
				CLANG_WARN_DIRECT_OBJC_ISA_USAGE = YES_ERROR;
				CLANG_WARN_DOCUMENTATION_COMMENTS = YES;
				CLANG_WARN_EMPTY_BODY = YES;
				CLANG_WARN_ENUM_CONVERSION = YES;
				CLANG_WARN_INFINITE_RECURSION = YES;
				CLANG_WARN_INT_CONVERSION = YES;
				CLANG_WARN_NON_LITERAL_NULL_CONVERSION = YES;
				CLANG_WARN_OBJC_IMPLICIT_RETAIN_SELF = YES;
				CLANG_WARN_OBJC_LITERAL_CONVERSION = YES;
				CLANG_WARN_OBJC_ROOT_CLASS = YES_ERROR;
				CLANG_WARN_QUOTED_INCLUDE_IN_FRAMEWORK_HEADER = YES;
				CLANG_WARN_RANGE_LOOP_ANALYSIS = YES;
				CLANG_WARN_STRICT_PROTOTYPES = YES;
				CLANG_WARN_SUSPICIOUS_MOVE = YES;
				CLANG_WARN_UNGUARDED_AVAILABILITY = YES_AGGRESSIVE;
				CLANG_WARN_UNREACHABLE_CODE = YES;
				CLANG_WARN__DUPLICATE_METHOD_MATCH = YES;
				COPY_PHASE_STRIP = NO;
				DEBUG_INFORMATION_FORMAT = "dwarf-with-dsym";
				ENABLE_NS_ASSERTIONS = NO;
				ENABLE_STRICT_OBJC_MSGSEND = YES;
				GCC_C_LANGUAGE_STANDARD = gnu11;
				GCC_NO_COMMON_BLOCKS = YES;
				GCC_WARN_64_TO_32_BIT_CONVERSION = YES;
				GCC_WARN_ABOUT_RETURN_TYPE = YES_ERROR;
				GCC_WARN_UNDECLARED_SELECTOR = YES;
				GCC_WARN_UNINITIALIZED_AUTOS = YES_AGGRESSIVE;
				GCC_WARN_UNUSED_FUNCTION = YES;
				GCC_WARN_UNUSED_VARIABLE = YES;
				IPHONEOS_DEPLOYMENT_TARGET = 14.4;
				MTL_ENABLE_DEBUG_INFO = NO;
				MTL_FAST_MATH = YES;
				SDKROOT = iphoneos;
				SWIFT_COMPILATION_MODE = wholemodule;
				SWIFT_OPTIMIZATION_LEVEL = "-O";
				VALIDATE_PRODUCT = YES;
			};
			name = Release;
		};
		94E0AF4C261CB4F2003128E9 /* Debug */ = {
			isa = XCBuildConfiguration;
			baseConfigurationReference = BD07F25351D187EF58377E99 /* Pods-MonkeyFoodProject.debug.xcconfig */;
			buildSettings = {
				ASSETCATALOG_COMPILER_APPICON_NAME = AppIcon;
				ASSETCATALOG_COMPILER_GLOBAL_ACCENT_COLOR_NAME = AccentColor;
				CODE_SIGN_STYLE = Automatic;
				DEVELOPMENT_TEAM = TUKD5UXC58;
				INFOPLIST_FILE = MonkeyFoodProject/Info.plist;
				IPHONEOS_DEPLOYMENT_TARGET = 13.2;
				LD_RUNPATH_SEARCH_PATHS = (
					"$(inherited)",
					"@executable_path/Frameworks",
				);
				PRODUCT_BUNDLE_IDENTIFIER = "sang-truong.MonkeyFoodProject";
				PRODUCT_NAME = "$(TARGET_NAME)";
				SWIFT_VERSION = 5.0;
				TARGETED_DEVICE_FAMILY = "1,2";
			};
			name = Debug;
		};
		94E0AF4D261CB4F2003128E9 /* Release */ = {
			isa = XCBuildConfiguration;
			baseConfigurationReference = 0FF8822D3EC6BA39D0463784 /* Pods-MonkeyFoodProject.release.xcconfig */;
			buildSettings = {
				ASSETCATALOG_COMPILER_APPICON_NAME = AppIcon;
				ASSETCATALOG_COMPILER_GLOBAL_ACCENT_COLOR_NAME = AccentColor;
				CODE_SIGN_STYLE = Automatic;
				DEVELOPMENT_TEAM = TUKD5UXC58;
				INFOPLIST_FILE = MonkeyFoodProject/Info.plist;
				IPHONEOS_DEPLOYMENT_TARGET = 13.2;
				LD_RUNPATH_SEARCH_PATHS = (
					"$(inherited)",
					"@executable_path/Frameworks",
				);
				PRODUCT_BUNDLE_IDENTIFIER = "sang-truong.MonkeyFoodProject";
				PRODUCT_NAME = "$(TARGET_NAME)";
				SWIFT_VERSION = 5.0;
				TARGETED_DEVICE_FAMILY = "1,2";
			};
			name = Release;
		};
/* End XCBuildConfiguration section */

/* Begin XCConfigurationList section */
		94E0AF32261CB4F1003128E9 /* Build configuration list for PBXProject "MonkeyFoodProject" */ = {
			isa = XCConfigurationList;
			buildConfigurations = (
				94E0AF49261CB4F2003128E9 /* Debug */,
				94E0AF4A261CB4F2003128E9 /* Release */,
			);
			defaultConfigurationIsVisible = 0;
			defaultConfigurationName = Release;
		};
		94E0AF4B261CB4F2003128E9 /* Build configuration list for PBXNativeTarget "MonkeyFoodProject" */ = {
			isa = XCConfigurationList;
			buildConfigurations = (
				94E0AF4C261CB4F2003128E9 /* Debug */,
				94E0AF4D261CB4F2003128E9 /* Release */,
			);
			defaultConfigurationIsVisible = 0;
			defaultConfigurationName = Release;
		};
/* End XCConfigurationList section */
	};
	rootObject = 94E0AF2F261CB4F1003128E9 /* Project object */;
}
